PODS:
  - PagingMenuController (2.2.1)

DEPENDENCIES:
  - PagingMenuController (from `../`)

EXTERNAL SOURCES:
  PagingMenuController:
    :path: "../"

SPEC CHECKSUMS:
  PagingMenuController: d8d8a436b7889f87058808d0fc5f0695cba30745

PODFILE CHECKSUM: ad8a39de8cc58c1b803b2e2b316ca0de8adca12c

COCOAPODS: 1.8.4
