PODS:
  - PagingMenuController (2.2.1)

DEPENDENCIES:
  - PagingMenuController (from `../`)

EXTERNAL SOURCES:
  PagingMenuController:
    :path: "../"

SPEC CHECKSUMS:
  PagingMenuController: d8d8a436b7889f87058808d0fc5f0695cba30745

PODFILE CHECKSUM: 182e65100ed4f1fc8683837abd55ef28346367f5

COCOAPODS: 1.8.4
